// !$*UTF8*$!
{
	archiveVersion = 1;
	classes = {
	};
	objectVersion = 77;
	objects = {

/* Begin PBXContainerItemProxy section */
		A93414492E87FB30009BF9F8 /* PBXContainerItemProxy */ = {
			isa = PBXContainerItemProxy;
			containerPortal = A934142A2E87FB2E009BF9F8 /* Project object */;
			proxyType = 1;
			remoteGlobalIDString = A93414312E87FB2E009BF9F8;
			remoteInfo = ShoppingCartCucumberish;
		};
		A93414532E87FB30009BF9F8 /* PBXContainerItemProxy */ = {
			isa = PBXContainerItemProxy;
			containerPortal = A934142A2E87FB2E009BF9F8 /* Project object */;
			proxyType = 1;
			remoteGlobalIDString = A93414312E87FB2E009BF9F8;
			remoteInfo = ShoppingCartCucumberish;
		};
/* End PBXContainerItemProxy section */

/* Begin PBXFileReference section */
		A93414322E87FB2E009BF9F8 /* ShoppingCartCucumberish.app */ = {isa = PBXFileReference; explicitFileType = wrapper.application; includeInIndex = 0; path = ShoppingCartCucumberish.app; sourceTree = BUILT_PRODUCTS_DIR; };
		A93414482E87FB30009BF9F8 /* ShoppingCartCucumberishTests.xctest */ = {isa = PBXFileReference; explicitFileType = wrapper.cfbundle; includeInIndex = 0; path = ShoppingCartCucumberishTests.xctest; sourceTree = BUILT_PRODUCTS_DIR; };
		A93414522E87FB30009BF9F8 /* ShoppingCartCucumberishUITests.xctest */ = {isa = PBXFileReference; explicitFileType = wrapper.cfbundle; includeInIndex = 0; path = ShoppingCartCucumberishUITests.xctest; sourceTree = BUILT_PRODUCTS_DIR; };
/* End PBXFileReference section */

/* Begin PBXFileSystemSynchronizedBuildFileExceptionSet section */
		A934145A2E87FB30009BF9F8 /* Exceptions for "ShoppingCartCucumberish" folder in "ShoppingCartCucumberish" target */ = {
			isa = PBXFileSystemSynchronizedBuildFileExceptionSet;
			membershipExceptions = (
				Info.plist,
			);
			target = A93414312E87FB2E009BF9F8 /* ShoppingCartCucumberish */;
		};
/* End PBXFileSystemSynchronizedBuildFileExceptionSet section */

/* Begin PBXFileSystemSynchronizedRootGroup section */
		A93414342E87FB2E009BF9F8 /* ShoppingCartCucumberish */ = {
			isa = PBXFileSystemSynchronizedRootGroup;
			exceptions = (
				A934145A2E87FB30009BF9F8 /* Exceptions for "ShoppingCartCucumberish" folder in "ShoppingCartCucumberish" target */,
			);
			path = ShoppingCartCucumberish;
			sourceTree = "<group>";
		};
		A934144B2E87FB30009BF9F8 /* ShoppingCartCucumberishTests */ = {
			isa = PBXFileSystemSynchronizedRootGroup;
			path = ShoppingCartCucumberishTests;
			sourceTree = "<group>";
		};
		A93414552E87FB30009BF9F8 /* ShoppingCartCucumberishUITests */ = {
			isa = PBXFileSystemSynchronizedRootGroup;
			path = ShoppingCartCucumberishUITests;
			sourceTree = "<group>";
		};
/* End PBXFileSystemSynchronizedRootGroup section */

/* Begin PBXFrameworksBuildPhase section */
		A934142F2E87FB2E009BF9F8 /* Frameworks */ = {
			isa = PBXFrameworksBuildPhase;
			buildActionMask = 2147483647;
			files = (
			);
			runOnlyForDeploymentPostprocessing = 0;
		};
		A93414452E87FB30009BF9F8 /* Frameworks */ = {
			isa = PBXFrameworksBuildPhase;
			buildActionMask = 2147483647;
			files = (
			);
			runOnlyForDeploymentPostprocessing = 0;
		};
		A934144F2E87FB30009BF9F8 /* Frameworks */ = {
			isa = PBXFrameworksBuildPhase;
			buildActionMask = 2147483647;
			files = (
			);
			runOnlyForDeploymentPostprocessing = 0;
		};
/* End PBXFrameworksBuildPhase section */

/* Begin PBXGroup section */
		A93414292E87FB2E009BF9F8 = {
			isa = PBXGroup;
			children = (
				A93414342E87FB2E009BF9F8 /* ShoppingCartCucumberish */,
				A934144B2E87FB30009BF9F8 /* ShoppingCartCucumberishTests */,
				A93414552E87FB30009BF9F8 /* ShoppingCartCucumberishUITests */,
				A93414332E87FB2E009BF9F8 /* Products */,
			);
			sourceTree = "<group>";
		};
		A93414332E87FB2E009BF9F8 /* Products */ = {
			isa = PBXGroup;
			children = (
				A93414322E87FB2E009BF9F8 /* ShoppingCartCucumberish.app */,
				A93414482E87FB30009BF9F8 /* ShoppingCartCucumberishTests.xctest */,
				A93414522E87FB30009BF9F8 /* ShoppingCartCucumberishUITests.xctest */,
			);
			name = Products;
			sourceTree = "<group>";
		};
/* End PBXGroup section */

/* Begin PBXNativeTarget section */
		A93414312E87FB2E009BF9F8 /* ShoppingCartCucumberish */ = {
			isa = PBXNativeTarget;
			buildConfigurationList = A934145B2E87FB30009BF9F8 /* Build configuration list for PBXNativeTarget "ShoppingCartCucumberish" */;
			buildPhases = (
				A934142E2E87FB2E009BF9F8 /* Sources */,
				A934142F2E87FB2E009BF9F8 /* Frameworks */,
				A93414302E87FB2E009BF9F8 /* Resources */,
			);
			buildRules = (
			);
			dependencies = (
			);
			fileSystemSynchronizedGroups = (
				A93414342E87FB2E009BF9F8 /* ShoppingCartCucumberish */,
			);
			name = ShoppingCartCucumberish;
			packageProductDependencies = (
			);
			productName = ShoppingCartCucumberish;
			productReference = A93414322E87FB2E009BF9F8 /* ShoppingCartCucumberish.app */;
			productType = "com.apple.product-type.application";
		};
		A93414472E87FB30009BF9F8 /* ShoppingCartCucumberishTests */ = {
			isa = PBXNativeTarget;
			buildConfigurationList = A93414602E87FB30009BF9F8 /* Build configuration list for PBXNativeTarget "ShoppingCartCucumberishTests" */;
			buildPhases = (
				A93414442E87FB30009BF9F8 /* Sources */,
				A93414452E87FB30009BF9F8 /* Frameworks */,
				A93414462E87FB30009BF9F8 /* Resources */,
			);
			buildRules = (
			);
			dependencies = (
				A934144A2E87FB30009BF9F8 /* PBXTargetDependency */,
			);
			fileSystemSynchronizedGroups = (
				A934144B2E87FB30009BF9F8 /* ShoppingCartCucumberishTests */,
			);
			name = ShoppingCartCucumberishTests;
			packageProductDependencies = (
			);
			productName = ShoppingCartCucumberishTests;
			productReference = A93414482E87FB30009BF9F8 /* ShoppingCartCucumberishTests.xctest */;
			productType = "com.apple.product-type.bundle.unit-test";
		};
		A93414512E87FB30009BF9F8 /* ShoppingCartCucumberishUITests */ = {
			isa = PBXNativeTarget;
			buildConfigurationList = A93414632E87FB30009BF9F8 /* Build configuration list for PBXNativeTarget "ShoppingCartCucumberishUITests" */;
			buildPhases = (
				A934144E2E87FB30009BF9F8 /* Sources */,
				A934144F2E87FB30009BF9F8 /* Frameworks */,
				A93414502E87FB30009BF9F8 /* Resources */,
			);
			buildRules = (
			);
			dependencies = (
				A93414542E87FB30009BF9F8 /* PBXTargetDependency */,
			);
			fileSystemSynchronizedGroups = (
				A93414552E87FB30009BF9F8 /* ShoppingCartCucumberishUITests */,
			);
			name = ShoppingCartCucumberishUITests;
			packageProductDependencies = (
			);
			productName = ShoppingCartCucumberishUITests;
			productReference = A93414522E87FB30009BF9F8 /* ShoppingCartCucumberishUITests.xctest */;
			productType = "com.apple.product-type.bundle.ui-testing";
		};
/* End PBXNativeTarget section */

/* Begin PBXProject section */
		A934142A2E87FB2E009BF9F8 /* Project object */ = {
			isa = PBXProject;
			attributes = {
				BuildIndependentTargetsInParallel = 1;
				LastSwiftUpdateCheck = 1640;
				LastUpgradeCheck = 1640;
				TargetAttributes = {
					A93414312E87FB2E009BF9F8 = {
						CreatedOnToolsVersion = 16.4;
					};
					A93414472E87FB30009BF9F8 = {
						CreatedOnToolsVersion = 16.4;
						TestTargetID = A93414312E87FB2E009BF9F8;
					};
					A93414512E87FB30009BF9F8 = {
						CreatedOnToolsVersion = 16.4;
						TestTargetID = A93414312E87FB2E009BF9F8;
					};
				};
			};
			buildConfigurationList = A934142D2E87FB2E009BF9F8 /* Build configuration list for PBXProject "ShoppingCartCucumberish" */;
			developmentRegion = en;
			hasScannedForEncodings = 0;
			knownRegions = (
				en,
				Base,
			);
			mainGroup = A93414292E87FB2E009BF9F8;
			minimizedProjectReferenceProxies = 1;
			preferredProjectObjectVersion = 77;
			productRefGroup = A93414332E87FB2E009BF9F8 /* Products */;
			projectDirPath = "";
			projectRoot = "";
			targets = (
				A93414312E87FB2E009BF9F8 /* ShoppingCartCucumberish */,
				A93414472E87FB30009BF9F8 /* ShoppingCartCucumberishTests */,
				A93414512E87FB30009BF9F8 /* ShoppingCartCucumberishUITests */,
			);
		};
/* End PBXProject section */

/* Begin PBXResourcesBuildPhase section */
		A93414302E87FB2E009BF9F8 /* Resources */ = {
			isa = PBXResourcesBuildPhase;
			buildActionMask = 2147483647;
			files = (
			);
			runOnlyForDeploymentPostprocessing = 0;
		};
		A93414462E87FB30009BF9F8 /* Resources */ = {
			isa = PBXResourcesBuildPhase;
			buildActionMask = 2147483647;
			files = (
			);
			runOnlyForDeploymentPostprocessing = 0;
		};
		A93414502E87FB30009BF9F8 /* Resources */ = {
			isa = PBXResourcesBuildPhase;
			buildActionMask = 2147483647;
			files = (
			);
			runOnlyForDeploymentPostprocessing = 0;
		};
/* End PBXResourcesBuildPhase section */

/* Begin PBXSourcesBuildPhase section */
		A934142E2E87FB2E009BF9F8 /* Sources */ = {
			isa = PBXSourcesBuildPhase;
			buildActionMask = 2147483647;
			files = (
			);
			runOnlyForDeploymentPostprocessing = 0;
		};
		A93414442E87FB30009BF9F8 /* Sources */ = {
			isa = PBXSourcesBuildPhase;
			buildActionMask = 2147483647;
			files = (
			);
			runOnlyForDeploymentPostprocessing = 0;
		};
		A934144E2E87FB30009BF9F8 /* Sources */ = {
			isa = PBXSourcesBuildPhase;
			buildActionMask = 2147483647;
			files = (
			);
			runOnlyForDeploymentPostprocessing = 0;
		};
/* End PBXSourcesBuildPhase section */

/* Begin PBXTargetDependency section */
		A934144A2E87FB30009BF9F8 /* PBXTargetDependency */ = {
			isa = PBXTargetDependency;
			target = A93414312E87FB2E009BF9F8 /* ShoppingCartCucumberish */;
			targetProxy = A93414492E87FB30009BF9F8 /* PBXContainerItemProxy */;
		};
		A93414542E87FB30009BF9F8 /* PBXTargetDependency */ = {
			isa = PBXTargetDependency;
			target = A93414312E87FB2E009BF9F8 /* ShoppingCartCucumberish */;
			targetProxy = A93414532E87FB30009BF9F8 /* PBXContainerItemProxy */;
		};
/* End PBXTargetDependency section */

/* Begin XCBuildConfiguration section */
		A934145C2E87FB30009BF9F8 /* Debug */ = {
			isa = XCBuildConfiguration;
			buildSettings = {
				ASSETCATALOG_COMPILER_APPICON_NAME = AppIcon;
				ASSETCATALOG_COMPILER_GLOBAL_ACCENT_COLOR_NAME = AccentColor;
				CODE_SIGN_STYLE = Automatic;
				CURRENT_PROJECT_VERSION = 1;
				GENERATE_INFOPLIST_FILE = YES;
				INFOPLIST_FILE = ShoppingCartCucumberish/Info.plist;
				INFOPLIST_KEY_UIApplicationSupportsIndirectInputEvents = YES;
				INFOPLIST_KEY_UILaunchStoryboardName = LaunchScreen;
				INFOPLIST_KEY_UIMainStoryboardFile = Main;
				INFOPLIST_KEY_UISupportedInterfaceOrientations_iPad = "UIInterfaceOrientationPortrait UIInterfaceOrientationPortraitUpsideDown UIInterfaceOrientationLandscapeLeft UIInterfaceOrientationLandscapeRight";
				INFOPLIST_KEY_UISupportedInterfaceOrientations_iPhone = "UIInterfaceOrientationPortrait UIInterfaceOrientationLandscapeLeft UIInterfaceOrientationLandscapeRight";
				LD_RUNPATH_SEARCH_PATHS = (
					"$(inherited)",
					"@executable_path/Frameworks",
				);
				MARKETING_VERSION = 1.0;
				PRODUCT_BUNDLE_IDENTIFIER = watson.ShoppingCartCucumberish;
				PRODUCT_NAME = "$(TARGET_NAME)";
				SWIFT_EMIT_LOC_STRINGS = YES;
				SWIFT_VERSION = 5.0;
				TARGETED_DEVICE_FAMILY = "1,2";
			};
			name = Debug;
		};
		A934145D2E87FB30009BF9F8 /* Release */ = {
			isa = XCBuildConfiguration;
			buildSettings = {
				ASSETCATALOG_COMPILER_APPICON_NAME = AppIcon;
				ASSETCATALOG_COMPILER_GLOBAL_ACCENT_COLOR_NAME = AccentColor;
				CODE_SIGN_STYLE = Automatic;
				CURRENT_PROJECT_VERSION = 1;
				GENERATE_INFOPLIST_FILE = YES;
				INFOPLIST_FILE = ShoppingCartCucumberish/Info.plist;
				INFOPLIST_KEY_UIApplicationSupportsIndirectInputEvents = YES;
				INFOPLIST_KEY_UILaunchStoryboardName = LaunchScreen;
				INFOPLIST_KEY_UIMainStoryboardFile = Main;
				INFOPLIST_KEY_UISupportedInterfaceOrientations_iPad = "UIInterfaceOrientationPortrait UIInterfaceOrientationPortraitUpsideDown UIInterfaceOrientationLandscapeLeft UIInterfaceOrientationLandscapeRight";
				INFOPLIST_KEY_UISupportedInterfaceOrientations_iPhone = "UIInterfaceOrientationPortrait UIInterfaceOrientationLandscapeLeft UIInterfaceOrientationLandscapeRight";
				LD_RUNPATH_SEARCH_PATHS = (
					"$(inherited)",
					"@executable_path/Frameworks",
				);
				MARKETING_VERSION = 1.0;
				PRODUCT_BUNDLE_IDENTIFIER = watson.ShoppingCartCucumberish;
				PRODUCT_NAME = "$(TARGET_NAME)";
				SWIFT_EMIT_LOC_STRINGS = YES;
				SWIFT_VERSION = 5.0;
				TARGETED_DEVICE_FAMILY = "1,2";
			};
			name = Release;
		};
		A934145E2E87FB30009BF9F8 /* Debug */ = {
			isa = XCBuildConfiguration;
			buildSettings = {
				ALWAYS_SEARCH_USER_PATHS = NO;
				ASSETCATALOG_COMPILER_GENERATE_SWIFT_ASSET_SYMBOL_EXTENSIONS = YES;
				CLANG_ANALYZER_NONNULL = YES;
				CLANG_ANALYZER_NUMBER_OBJECT_CONVERSION = YES_AGGRESSIVE;
				CLANG_CXX_LANGUAGE_STANDARD = "gnu++20";
				CLANG_ENABLE_MODULES = YES;
				CLANG_ENABLE_OBJC_ARC = YES;
				CLANG_ENABLE_OBJC_WEAK = YES;
				CLANG_WARN_BLOCK_CAPTURE_AUTORELEASING = YES;
				CLANG_WARN_BOOL_CONVERSION = YES;
				CLANG_WARN_COMMA = YES;
				CLANG_WARN_CONSTANT_CONVERSION = YES;
				CLANG_WARN_DEPRECATED_OBJC_IMPLEMENTATIONS = YES;
				CLANG_WARN_DIRECT_OBJC_ISA_USAGE = YES_ERROR;
				CLANG_WARN_DOCUMENTATION_COMMENTS = YES;
				CLANG_WARN_EMPTY_BODY = YES;
				CLANG_WARN_ENUM_CONVERSION = YES;
				CLANG_WARN_INFINITE_RECURSION = YES;
				CLANG_WARN_INT_CONVERSION = YES;
				CLANG_WARN_NON_LITERAL_NULL_CONVERSION = YES;
				CLANG_WARN_OBJC_IMPLICIT_RETAIN_SELF = YES;
				CLANG_WARN_OBJC_LITERAL_CONVERSION = YES;
				CLANG_WARN_OBJC_ROOT_CLASS = YES_ERROR;
				CLANG_WARN_QUOTED_INCLUDE_IN_FRAMEWORK_HEADER = YES;
				CLANG_WARN_RANGE_LOOP_ANALYSIS = YES;
				CLANG_WARN_STRICT_PROTOTYPES = YES;
				CLANG_WARN_SUSPICIOUS_MOVE = YES;
				CLANG_WARN_UNGUARDED_AVAILABILITY = YES_AGGRESSIVE;
				CLANG_WARN_UNREACHABLE_CODE = YES;
				CLANG_WARN__DUPLICATE_METHOD_MATCH = YES;
				COPY_PHASE_STRIP = NO;
				DEBUG_INFORMATION_FORMAT = dwarf;
				ENABLE_STRICT_OBJC_MSGSEND = YES;
				ENABLE_TESTABILITY = YES;
				ENABLE_USER_SCRIPT_SANDBOXING = YES;
				GCC_C_LANGUAGE_STANDARD = gnu17;
				GCC_DYNAMIC_NO_PIC = NO;
				GCC_NO_COMMON_BLOCKS = YES;
				GCC_OPTIMIZATION_LEVEL = 0;
				GCC_PREPROCESSOR_DEFINITIONS = (
					"DEBUG=1",
					"$(inherited)",
				);
				GCC_WARN_64_TO_32_BIT_CONVERSION = YES;
				GCC_WARN_ABOUT_RETURN_TYPE = YES_ERROR;
				GCC_WARN_UNDECLARED_SELECTOR = YES;
				GCC_WARN_UNINITIALIZED_AUTOS = YES_AGGRESSIVE;
				GCC_WARN_UNUSED_FUNCTION = YES;
				GCC_WARN_UNUSED_VARIABLE = YES;
				IPHONEOS_DEPLOYMENT_TARGET = 18.5;
				LOCALIZATION_PREFERS_STRING_CATALOGS = YES;
				MTL_ENABLE_DEBUG_INFO = INCLUDE_SOURCE;
				MTL_FAST_MATH = YES;
				ONLY_ACTIVE_ARCH = YES;
				SDKROOT = iphoneos;
				SWIFT_ACTIVE_COMPILATION_CONDITIONS = "DEBUG $(inherited)";
				SWIFT_OPTIMIZATION_LEVEL = "-Onone";
			};
			name = Debug;
		};
		A934145F2E87FB30009BF9F8 /* Release */ = {
			isa = XCBuildConfiguration;
			buildSettings = {
				ALWAYS_SEARCH_USER_PATHS = NO;
				ASSETCATALOG_COMPILER_GENERATE_SWIFT_ASSET_SYMBOL_EXTENSIONS = YES;
				CLANG_ANALYZER_NONNULL = YES;
				CLANG_ANALYZER_NUMBER_OBJECT_CONVERSION = YES_AGGRESSIVE;
				CLANG_CXX_LANGUAGE_STANDARD = "gnu++20";
				CLANG_ENABLE_MODULES = YES;
				CLANG_ENABLE_OBJC_ARC = YES;
				CLANG_ENABLE_OBJC_WEAK = YES;
				CLANG_WARN_BLOCK_CAPTURE_AUTORELEASING = YES;
				CLANG_WARN_BOOL_CONVERSION = YES;
				CLANG_WARN_COMMA = YES;
				CLANG_WARN_CONSTANT_CONVERSION = YES;
				CLANG_WARN_DEPRECATED_OBJC_IMPLEMENTATIONS = YES;
				CLANG_WARN_DIRECT_OBJC_ISA_USAGE = YES_ERROR;
				CLANG_WARN_DOCUMENTATION_COMMENTS = YES;
				CLANG_WARN_EMPTY_BODY = YES;
				CLANG_WARN_ENUM_CONVERSION = YES;
				CLANG_WARN_INFINITE_RECURSION = YES;
				CLANG_WARN_INT_CONVERSION = YES;
				CLANG_WARN_NON_LITERAL_NULL_CONVERSION = YES;
				CLANG_WARN_OBJC_IMPLICIT_RETAIN_SELF = YES;
				CLANG_WARN_OBJC_LITERAL_CONVERSION = YES;
				CLANG_WARN_OBJC_ROOT_CLASS = YES_ERROR;
				CLANG_WARN_QUOTED_INCLUDE_IN_FRAMEWORK_HEADER = YES;
				CLANG_WARN_RANGE_LOOP_ANALYSIS = YES;
				CLANG_WARN_STRICT_PROTOTYPES = YES;
				CLANG_WARN_SUSPICIOUS_MOVE = YES;
				CLANG_WARN_UNGUARDED_AVAILABILITY = YES_AGGRESSIVE;
				CLANG_WARN_UNREACHABLE_CODE = YES;
				CLANG_WARN__DUPLICATE_METHOD_MATCH = YES;
				COPY_PHASE_STRIP = NO;
				DEBUG_INFORMATION_FORMAT = "dwarf-with-dsym";
				ENABLE_NS_ASSERTIONS = NO;
				ENABLE_STRICT_OBJC_MSGSEND = YES;
				ENABLE_USER_SCRIPT_SANDBOXING = YES;
				GCC_C_LANGUAGE_STANDARD = gnu17;
				GCC_NO_COMMON_BLOCKS = YES;
				GCC_WARN_64_TO_32_BIT_CONVERSION = YES;
				GCC_WARN_ABOUT_RETURN_TYPE = YES_ERROR;
				GCC_WARN_UNDECLARED_SELECTOR = YES;
				GCC_WARN_UNINITIALIZED_AUTOS = YES_AGGRESSIVE;
				GCC_WARN_UNUSED_FUNCTION = YES;
				GCC_WARN_UNUSED_VARIABLE = YES;
				IPHONEOS_DEPLOYMENT_TARGET = 18.5;
				LOCALIZATION_PREFERS_STRING_CATALOGS = YES;
				MTL_ENABLE_DEBUG_INFO = NO;
				MTL_FAST_MATH = YES;
				SDKROOT = iphoneos;
				SWIFT_COMPILATION_MODE = wholemodule;
				VALIDATE_PRODUCT = YES;
			};
			name = Release;
		};
		A93414612E87FB30009BF9F8 /* Debug */ = {
			isa = XCBuildConfiguration;
			buildSettings = {
				BUNDLE_LOADER = "$(TEST_HOST)";
				CODE_SIGN_STYLE = Automatic;
				CURRENT_PROJECT_VERSION = 1;
				GENERATE_INFOPLIST_FILE = YES;
				IPHONEOS_DEPLOYMENT_TARGET = 18.5;
				MARKETING_VERSION = 1.0;
				PRODUCT_BUNDLE_IDENTIFIER = watson.ShoppingCartCucumberishTests;
				PRODUCT_NAME = "$(TARGET_NAME)";
				SWIFT_EMIT_LOC_STRINGS = NO;
				SWIFT_VERSION = 5.0;
				TARGETED_DEVICE_FAMILY = "1,2";
				TEST_HOST = "$(BUILT_PRODUCTS_DIR)/ShoppingCartCucumberish.app/$(BUNDLE_EXECUTABLE_FOLDER_PATH)/ShoppingCartCucumberish";
			};
			name = Debug;
		};
		A93414622E87FB30009BF9F8 /* Release */ = {
			isa = XCBuildConfiguration;
			buildSettings = {
				BUNDLE_LOADER = "$(TEST_HOST)";
				CODE_SIGN_STYLE = Automatic;
				CURRENT_PROJECT_VERSION = 1;
				GENERATE_INFOPLIST_FILE = YES;
				IPHONEOS_DEPLOYMENT_TARGET = 18.5;
				MARKETING_VERSION = 1.0;
				PRODUCT_BUNDLE_IDENTIFIER = watson.ShoppingCartCucumberishTests;
				PRODUCT_NAME = "$(TARGET_NAME)";
				SWIFT_EMIT_LOC_STRINGS = NO;
				SWIFT_VERSION = 5.0;
				TARGETED_DEVICE_FAMILY = "1,2";
				TEST_HOST = "$(BUILT_PRODUCTS_DIR)/ShoppingCartCucumberish.app/$(BUNDLE_EXECUTABLE_FOLDER_PATH)/ShoppingCartCucumberish";
			};
			name = Release;
		};
		A93414642E87FB30009BF9F8 /* Debug */ = {
			isa = XCBuildConfiguration;
			buildSettings = {
				CODE_SIGN_STYLE = Automatic;
				CURRENT_PROJECT_VERSION = 1;
				GENERATE_INFOPLIST_FILE = YES;
				MARKETING_VERSION = 1.0;
				PRODUCT_BUNDLE_IDENTIFIER = watson.ShoppingCartCucumberishUITests;
				PRODUCT_NAME = "$(TARGET_NAME)";
				SWIFT_EMIT_LOC_STRINGS = NO;
				SWIFT_VERSION = 5.0;
				TARGETED_DEVICE_FAMILY = "1,2";
				TEST_TARGET_NAME = ShoppingCartCucumberish;
			};
			name = Debug;
		};
		A93414652E87FB30009BF9F8 /* Release */ = {
			isa = XCBuildConfiguration;
			buildSettings = {
				CODE_SIGN_STYLE = Automatic;
				CURRENT_PROJECT_VERSION = 1;
				GENERATE_INFOPLIST_FILE = YES;
				MARKETING_VERSION = 1.0;
				PRODUCT_BUNDLE_IDENTIFIER = watson.ShoppingCartCucumberishUITests;
				PRODUCT_NAME = "$(TARGET_NAME)";
				SWIFT_EMIT_LOC_STRINGS = NO;
				SWIFT_VERSION = 5.0;
				TARGETED_DEVICE_FAMILY = "1,2";
				TEST_TARGET_NAME = ShoppingCartCucumberish;
			};
			name = Release;
		};
/* End XCBuildConfiguration section */

/* Begin XCConfigurationList section */
		A934142D2E87FB2E009BF9F8 /* Build configuration list for PBXProject "ShoppingCartCucumberish" */ = {
			isa = XCConfigurationList;
			buildConfigurations = (
				A934145E2E87FB30009BF9F8 /* Debug */,
				A934145F2E87FB30009BF9F8 /* Release */,
			);
			defaultConfigurationIsVisible = 0;
			defaultConfigurationName = Release;
		};
		A934145B2E87FB30009BF9F8 /* Build configuration list for PBXNativeTarget "ShoppingCartCucumberish" */ = {
			isa = XCConfigurationList;
			buildConfigurations = (
				A934145C2E87FB30009BF9F8 /* Debug */,
				A934145D2E87FB30009BF9F8 /* Release */,
			);
			defaultConfigurationIsVisible = 0;
			defaultConfigurationName = Release;
		};
		A93414602E87FB30009BF9F8 /* Build configuration list for PBXNativeTarget "ShoppingCartCucumberishTests" */ = {
			isa = XCConfigurationList;
			buildConfigurations = (
				A93414612E87FB30009BF9F8 /* Debug */,
				A93414622E87FB30009BF9F8 /* Release */,
			);
			defaultConfigurationIsVisible = 0;
			defaultConfigurationName = Release;
		};
		A93414632E87FB30009BF9F8 /* Build configuration list for PBXNativeTarget "ShoppingCartCucumberishUITests" */ = {
			isa = XCConfigurationList;
			buildConfigurations = (
				A93414642E87FB30009BF9F8 /* Debug */,
				A93414652E87FB30009BF9F8 /* Release */,
			);
			defaultConfigurationIsVisible = 0;
			defaultConfigurationName = Release;
		};
/* End XCConfigurationList section */
	};
	rootObject = A934142A2E87FB2E009BF9F8 /* Project object */;
}
